Microsoft Visual Studio Solution File, Format Version 12.00
# Visual Studio Version 17
VisualStudioVersion = 17.5.2.0
MinimumVisualStudioVersion = 10.0.40219.1
Project("{FAE04EC0-301F-11D3-BF4B-00C04F79EFBC}") = "RetroNFCService", "RetroNFCService\RetroNFCService.csproj", "{01D7473D-B773-193D-5B5B-BFF580D2E32C}"
EndProject
Global
	GlobalSection(SolutionConfigurationPlatforms) = preSolution
		Debug|Any CPU = Debug|Any CPU
		Release|Any CPU = Release|Any CPU
	EndGlobalSection
	GlobalSection(ProjectConfigurationPlatforms) = postSolution
		{01D7473D-B773-193D-5B5B-BFF580D2E32C}.Debug|Any CPU.ActiveCfg = Debug|Any CPU
		{01D7473D-B773-193D-5B5B-BFF580D2E32C}.Debug|Any CPU.Build.0 = Debug|Any CPU
		{01D7473D-B773-193D-5B5B-BFF580D2E32C}.Release|Any CPU.ActiveCfg = Release|Any CPU
		{01D7473D-B773-193D-5B5B-BFF580D2E32C}.Release|Any CPU.Build.0 = Release|Any CPU
	EndGlobalSection
	GlobalSection(SolutionProperties) = preSolution
		HideSolutionNode = FALSE
	EndGlobalSection
	GlobalSection(ExtensibilityGlobals) = postSolution
		SolutionGuid = {3F60451A-3C1A-4242-A57A-6949F0FADA2F}
	EndGlobalSection
EndGlobal
